
Microsoft Visual Studio Solution File, Format Version 12.00
# Visual Studio Version 16
VisualStudioVersion = 16.0.30320.27
MinimumVisualStudioVersion = 10.0.40219.1
Project("{FAE04EC0-301F-11D3-BF4B-00C04F79EFBC}") = "AlwaysUp_TrialRenewal", "AlwaysUp_TrialRenewal.csproj", "{793F1EC5-BB45-43D0-9545-8675EAB3BA21}"
EndProject
Global
	GlobalSection(SolutionConfigurationPlatforms) = preSolution
		Debug|Any CPU = Debug|Any CPU
		Release|Any CPU = Release|Any CPU
	EndGlobalSection
	GlobalSection(ProjectConfigurationPlatforms) = postSolution
		{793F1EC5-BB45-43D0-9545-8675EAB3BA21}.Debug|Any CPU.ActiveCfg = Debug|Any CPU
		{793F1EC5-BB45-43D0-9545-8675EAB3BA21}.Debug|Any CPU.Build.0 = Debug|Any CPU
		{793F1EC5-BB45-43D0-9545-8675EAB3BA21}.Release|Any CPU.ActiveCfg = Release|Any CPU
		{793F1EC5-BB45-43D0-9545-8675EAB3BA21}.Release|Any CPU.Build.0 = Release|Any CPU
	EndGlobalSection
	GlobalSection(SolutionProperties) = preSolution
		HideSolutionNode = FALSE
	EndGlobalSection
	GlobalSection(ExtensibilityGlobals) = postSolution
		SolutionGuid = {8664704B-DD0E-44E9-BBDB-FF802A552C4D}
	EndGlobalSection
EndGlobal
